
Microsoft Visual Studio Solution File, Format Version 12.00
# Visual Studio Version 16
VisualStudioVersion = 16.0.30413.136
MinimumVisualStudioVersion = 10.0.40219.1
Project("{9A19103F-16F7-4668-BE54-9A1E7A4F7556}") = "SenderModule", "SenderModule\SenderModule.csproj", "{6ECDD4C7-9D6B-4FC1-88F3-18DC3CB499A4}"
EndProject
Project("{9A19103F-16F7-4668-BE54-9A1E7A4F7556}") = "Sender.Test", "Sender.Test\Sender.Test.csproj", "{F4213BCE-3925-4AEA-9130-8C4B7FDB45C8}"
EndProject
Project("{FAE04EC0-301F-11D3-BF4B-00C04F79EFBC}") = "Receiver.Test", "Receiver.Test\Receiver.Test.csproj", "{EFC84BF3-4AC0-4F95-A1E5-5E9ADA814AA9}"
EndProject
Project("{FAE04EC0-301F-11D3-BF4B-00C04F79EFBC}") = "ReceiverModule", "ReceiverModule\ReceiverModule.csproj", "{8246F059-AE74-46B8-8EA4-F99CFA32A02C}"
EndProject
Global
	GlobalSection(SolutionConfigurationPlatforms) = preSolution
		Debug|Any CPU = Debug|Any CPU
		Release|Any CPU = Release|Any CPU
	EndGlobalSection
	GlobalSection(ProjectConfigurationPlatforms) = postSolution
		{6ECDD4C7-9D6B-4FC1-88F3-18DC3CB499A4}.Debug|Any CPU.ActiveCfg = Debug|Any CPU
		{6ECDD4C7-9D6B-4FC1-88F3-18DC3CB499A4}.Debug|Any CPU.Build.0 = Debug|Any CPU
		{6ECDD4C7-9D6B-4FC1-88F3-18DC3CB499A4}.Release|Any CPU.ActiveCfg = Release|Any CPU
		{6ECDD4C7-9D6B-4FC1-88F3-18DC3CB499A4}.Release|Any CPU.Build.0 = Release|Any CPU
		{F4213BCE-3925-4AEA-9130-8C4B7FDB45C8}.Debug|Any CPU.ActiveCfg = Debug|Any CPU
		{F4213BCE-3925-4AEA-9130-8C4B7FDB45C8}.Debug|Any CPU.Build.0 = Debug|Any CPU
		{F4213BCE-3925-4AEA-9130-8C4B7FDB45C8}.Release|Any CPU.ActiveCfg = Release|Any CPU
		{F4213BCE-3925-4AEA-9130-8C4B7FDB45C8}.Release|Any CPU.Build.0 = Release|Any CPU
		{EFC84BF3-4AC0-4F95-A1E5-5E9ADA814AA9}.Debug|Any CPU.ActiveCfg = Debug|Any CPU
		{EFC84BF3-4AC0-4F95-A1E5-5E9ADA814AA9}.Debug|Any CPU.Build.0 = Debug|Any CPU
		{EFC84BF3-4AC0-4F95-A1E5-5E9ADA814AA9}.Release|Any CPU.ActiveCfg = Release|Any CPU
		{EFC84BF3-4AC0-4F95-A1E5-5E9ADA814AA9}.Release|Any CPU.Build.0 = Release|Any CPU
		{8246F059-AE74-46B8-8EA4-F99CFA32A02C}.Debug|Any CPU.ActiveCfg = Debug|Any CPU
		{8246F059-AE74-46B8-8EA4-F99CFA32A02C}.Debug|Any CPU.Build.0 = Debug|Any CPU
		{8246F059-AE74-46B8-8EA4-F99CFA32A02C}.Release|Any CPU.ActiveCfg = Release|Any CPU
		{8246F059-AE74-46B8-8EA4-F99CFA32A02C}.Release|Any CPU.Build.0 = Release|Any CPU
	EndGlobalSection
	GlobalSection(SolutionProperties) = preSolution
		HideSolutionNode = FALSE
	EndGlobalSection
	GlobalSection(ExtensibilityGlobals) = postSolution
		SolutionGuid = {49857388-F4E3-4429-98D9-925898556C64}
	EndGlobalSection
EndGlobal
